
Microsoft Visual Studio Solution File, Format Version 12.00
# Visual Studio Version 16
VisualStudioVersion = 16.0.31205.134
MinimumVisualStudioVersion = 10.0.40219.1
Project("{FAE04EC0-301F-11D3-BF4B-00C04F79EFBC}") = "fukuvHensu", "fukuvHensu\fukuvHensu.csproj", "{D0F39463-725C-409A-A6C7-5A16BD2C916E}"
EndProject
Global
	GlobalSection(SolutionConfigurationPlatforms) = preSolution
		Debug|Any CPU = Debug|Any CPU
		Release|Any CPU = Release|Any CPU
	EndGlobalSection
	GlobalSection(ProjectConfigurationPlatforms) = postSolution
		{D0F39463-725C-409A-A6C7-5A16BD2C916E}.Debug|Any CPU.ActiveCfg = Debug|Any CPU
		{D0F39463-725C-409A-A6C7-5A16BD2C916E}.Debug|Any CPU.Build.0 = Debug|Any CPU
		{D0F39463-725C-409A-A6C7-5A16BD2C916E}.Release|Any CPU.ActiveCfg = Release|Any CPU
		{D0F39463-725C-409A-A6C7-5A16BD2C916E}.Release|Any CPU.Build.0 = Release|Any CPU
	EndGlobalSection
	GlobalSection(SolutionProperties) = preSolution
		HideSolutionNode = FALSE
	EndGlobalSection
	GlobalSection(ExtensibilityGlobals) = postSolution
		SolutionGuid = {6647F569-5ABC-4334-B763-CE8E22FA22A6}
	EndGlobalSection
EndGlobal
